// !$*UTF8*$!
{
	archiveVersion = 1;
	classes = {
	};
	objectVersion = 46;
	objects = {

/* Begin PBXBuildFile section */
		8C949F371F148D2500FF3D34 /* AppDelegate.swift in Sources */ = {isa = PBXBuildFile; fileRef = 8C949F361F148D2500FF3D34 /* AppDelegate.swift */; };
		8C949F391F148D2500FF3D34 /* ViewController.swift in Sources */ = {isa = PBXBuildFile; fileRef = 8C949F381F148D2500FF3D34 /* ViewController.swift */; };
		8C949F3C1F148D2500FF3D34 /* Main.storyboard in Resources */ = {isa = PBXBuildFile; fileRef = 8C949F3A1F148D2500FF3D34 /* Main.storyboard */; };
		8C949F3E1F148D2500FF3D34 /* Assets.xcassets in Resources */ = {isa = PBXBuildFile; fileRef = 8C949F3D1F148D2500FF3D34 /* Assets.xcassets */; };
		8C949F411F148D2500FF3D34 /* LaunchScreen.storyboard in Resources */ = {isa = PBXBuildFile; fileRef = 8C949F3F1F148D2500FF3D34 /* LaunchScreen.storyboard */; };
		8C949F4C1F148D2500FF3D34 /* NESWTests.swift in Sources */ = {isa = PBXBuildFile; fileRef = 8C949F4B1F148D2500FF3D34 /* NESWTests.swift */; };
		8C949F571F148D2500FF3D34 /* NESWUITests.swift in Sources */ = {isa = PBXBuildFile; fileRef = 8C949F561F148D2500FF3D34 /* NESWUITests.swift */; };
		8C949F671F156EDC00FF3D34 /* OtherViewController.swift in Sources */ = {isa = PBXBuildFile; fileRef = 8C949F661F156EDC00FF3D34 /* OtherViewController.swift */; };
/* End PBXBuildFile section */

/* Begin PBXContainerItemProxy section */
		8C949F481F148D2500FF3D34 /* PBXContainerItemProxy */ = {
			isa = PBXContainerItemProxy;
			containerPortal = 8C949F2B1F148D2500FF3D34 /* Project object */;
			proxyType = 1;
			remoteGlobalIDString = 8C949F321F148D2500FF3D34;
			remoteInfo = NESW;
		};
		8C949F531F148D2500FF3D34 /* PBXContainerItemProxy */ = {
			isa = PBXContainerItemProxy;
			containerPortal = 8C949F2B1F148D2500FF3D34 /* Project object */;
			proxyType = 1;
			remoteGlobalIDString = 8C949F321F148D2500FF3D34;
			remoteInfo = NESW;
		};
/* End PBXContainerItemProxy section */

/* Begin PBXFileReference section */
		8C949F331F148D2500FF3D34 /* NESW.app */ = {isa = PBXFileReference; explicitFileType = wrapper.application; includeInIndex = 0; path = NESW.app; sourceTree = BUILT_PRODUCTS_DIR; };
		8C949F361F148D2500FF3D34 /* AppDelegate.swift */ = {isa = PBXFileReference; lastKnownFileType = sourcecode.swift; path = AppDelegate.swift; sourceTree = "<group>"; };
		8C949F381F148D2500FF3D34 /* ViewController.swift */ = {isa = PBXFileReference; lastKnownFileType = sourcecode.swift; path = ViewController.swift; sourceTree = "<group>"; };
		8C949F3B1F148D2500FF3D34 /* Base */ = {isa = PBXFileReference; lastKnownFileType = file.storyboard; name = Base; path = Base.lproj/Main.storyboard; sourceTree = "<group>"; };
		8C949F3D1F148D2500FF3D34 /* Assets.xcassets */ = {isa = PBXFileReference; lastKnownFileType = folder.assetcatalog; path = Assets.xcassets; sourceTree = "<group>"; };
		8C949F401F148D2500FF3D34 /* Base */ = {isa = PBXFileReference; lastKnownFileType = file.storyboard; name = Base; path = Base.lproj/LaunchScreen.storyboard; sourceTree = "<group>"; };
		8C949F421F148D2500FF3D34 /* Info.plist */ = {isa = PBXFileReference; lastKnownFileType = text.plist.xml; path = Info.plist; sourceTree = "<group>"; };
		8C949F471F148D2500FF3D34 /* NESWTests.xctest */ = {isa = PBXFileReference; explicitFileType = wrapper.cfbundle; includeInIndex = 0; path = NESWTests.xctest; sourceTree = BUILT_PRODUCTS_DIR; };
		8C949F4B1F148D2500FF3D34 /* NESWTests.swift */ = {isa = PBXFileReference; lastKnownFileType = sourcecode.swift; path = NESWTests.swift; sourceTree = "<group>"; };
		8C949F4D1F148D2500FF3D34 /* Info.plist */ = {isa = PBXFileReference; lastKnownFileType = text.plist.xml; path = Info.plist; sourceTree = "<group>"; };
		8C949F521F148D2500FF3D34 /* NESWUITests.xctest */ = {isa = PBXFileReference; explicitFileType = wrapper.cfbundle; includeInIndex = 0; path = NESWUITests.xctest; sourceTree = BUILT_PRODUCTS_DIR; };
		8C949F561F148D2500FF3D34 /* NESWUITests.swift */ = {isa = PBXFileReference; lastKnownFileType = sourcecode.swift; path = NESWUITests.swift; sourceTree = "<group>"; };
		8C949F581F148D2500FF3D34 /* Info.plist */ = {isa = PBXFileReference; lastKnownFileType = text.plist.xml; path = Info.plist; sourceTree = "<group>"; };
		8C949F661F156EDC00FF3D34 /* OtherViewController.swift */ = {isa = PBXFileReference; fileEncoding = 4; lastKnownFileType = sourcecode.swift; name = OtherViewController.swift; path = ../OtherViewController.swift; sourceTree = "<group>"; };
/* End PBXFileReference section */

/* Begin PBXFrameworksBuildPhase section */
		8C949F301F148D2500FF3D34 /* Frameworks */ = {
			isa = PBXFrameworksBuildPhase;
			buildActionMask = 2147483647;
			files = (
			);
			runOnlyForDeploymentPostprocessing = 0;
		};
		8C949F441F148D2500FF3D34 /* Frameworks */ = {
			isa = PBXFrameworksBuildPhase;
			buildActionMask = 2147483647;
			files = (
			);
			runOnlyForDeploymentPostprocessing = 0;
		};
		8C949F4F1F148D2500FF3D34 /* Frameworks */ = {
			isa = PBXFrameworksBuildPhase;
			buildActionMask = 2147483647;
			files = (
			);
			runOnlyForDeploymentPostprocessing = 0;
		};
/* End PBXFrameworksBuildPhase section */

/* Begin PBXGroup section */
		8C949F2A1F148D2500FF3D34 = {
			isa = PBXGroup;
			children = (
				8C949F351F148D2500FF3D34 /* NESW */,
				8C949F4A1F148D2500FF3D34 /* NESWTests */,
				8C949F551F148D2500FF3D34 /* NESWUITests */,
				8C949F341F148D2500FF3D34 /* Products */,
			);
			sourceTree = "<group>";
		};
		8C949F341F148D2500FF3D34 /* Products */ = {
			isa = PBXGroup;
			children = (
				8C949F331F148D2500FF3D34 /* NESW.app */,
				8C949F471F148D2500FF3D34 /* NESWTests.xctest */,
				8C949F521F148D2500FF3D34 /* NESWUITests.xctest */,
			);
			name = Products;
			sourceTree = "<group>";
		};
		8C949F351F148D2500FF3D34 /* NESW */ = {
			isa = PBXGroup;
			children = (
				8C949F661F156EDC00FF3D34 /* OtherViewController.swift */,
				8C949F361F148D2500FF3D34 /* AppDelegate.swift */,
				8C949F381F148D2500FF3D34 /* ViewController.swift */,
				8C949F3A1F148D2500FF3D34 /* Main.storyboard */,
				8C949F3D1F148D2500FF3D34 /* Assets.xcassets */,
				8C949F3F1F148D2500FF3D34 /* LaunchScreen.storyboard */,
				8C949F421F148D2500FF3D34 /* Info.plist */,
			);
			path = NESW;
			sourceTree = "<group>";
		};
		8C949F4A1F148D2500FF3D34 /* NESWTests */ = {
			isa = PBXGroup;
			children = (
				8C949F4B1F148D2500FF3D34 /* NESWTests.swift */,
				8C949F4D1F148D2500FF3D34 /* Info.plist */,
			);
			path = NESWTests;
			sourceTree = "<group>";
		};
		8C949F551F148D2500FF3D34 /* NESWUITests */ = {
			isa = PBXGroup;
			children = (
				8C949F561F148D2500FF3D34 /* NESWUITests.swift */,
				8C949F581F148D2500FF3D34 /* Info.plist */,
			);
			path = NESWUITests;
			sourceTree = "<group>";
		};
/* End PBXGroup section */

/* Begin PBXNativeTarget section */
		8C949F321F148D2500FF3D34 /* NESW */ = {
			isa = PBXNativeTarget;
			buildConfigurationList = 8C949F5B1F148D2500FF3D34 /* Build configuration list for PBXNativeTarget "NESW" */;
			buildPhases = (
				8C949F2F1F148D2500FF3D34 /* Sources */,
				8C949F301F148D2500FF3D34 /* Frameworks */,
				8C949F311F148D2500FF3D34 /* Resources */,
			);
			buildRules = (
			);
			dependencies = (
			);
			name = NESW;
			productName = NESW;
			productReference = 8C949F331F148D2500FF3D34 /* NESW.app */;
			productType = "com.apple.product-type.application";
		};
		8C949F461F148D2500FF3D34 /* NESWTests */ = {
			isa = PBXNativeTarget;
			buildConfigurationList = 8C949F5E1F148D2500FF3D34 /* Build configuration list for PBXNativeTarget "NESWTests" */;
			buildPhases = (
				8C949F431F148D2500FF3D34 /* Sources */,
				8C949F441F148D2500FF3D34 /* Frameworks */,
				8C949F451F148D2500FF3D34 /* Resources */,
			);
			buildRules = (
			);
			dependencies = (
				8C949F491F148D2500FF3D34 /* PBXTargetDependency */,
			);
			name = NESWTests;
			productName = NESWTests;
			productReference = 8C949F471F148D2500FF3D34 /* NESWTests.xctest */;
			productType = "com.apple.product-type.bundle.unit-test";
		};
		8C949F511F148D2500FF3D34 /* NESWUITests */ = {
			isa = PBXNativeTarget;
			buildConfigurationList = 8C949F611F148D2500FF3D34 /* Build configuration list for PBXNativeTarget "NESWUITests" */;
			buildPhases = (
				8C949F4E1F148D2500FF3D34 /* Sources */,
				8C949F4F1F148D2500FF3D34 /* Frameworks */,
				8C949F501F148D2500FF3D34 /* Resources */,
			);
			buildRules = (
			);
			dependencies = (
				8C949F541F148D2500FF3D34 /* PBXTargetDependency */,
			);
			name = NESWUITests;
			productName = NESWUITests;
			productReference = 8C949F521F148D2500FF3D34 /* NESWUITests.xctest */;
			productType = "com.apple.product-type.bundle.ui-testing";
		};
/* End PBXNativeTarget section */

/* Begin PBXProject section */
		8C949F2B1F148D2500FF3D34 /* Project object */ = {
			isa = PBXProject;
			attributes = {
				LastSwiftUpdateCheck = 0830;
				LastUpgradeCheck = 0830;
				ORGANIZATIONNAME = "Kaan Kabalak";
				TargetAttributes = {
					8C949F321F148D2500FF3D34 = {
						CreatedOnToolsVersion = 8.3.3;
						DevelopmentTeam = G6RP4M9WGT;
						ProvisioningStyle = Automatic;
					};
					8C949F461F148D2500FF3D34 = {
						CreatedOnToolsVersion = 8.3.3;
						DevelopmentTeam = G6RP4M9WGT;
						ProvisioningStyle = Automatic;
						TestTargetID = 8C949F321F148D2500FF3D34;
					};
					8C949F511F148D2500FF3D34 = {
						CreatedOnToolsVersion = 8.3.3;
						DevelopmentTeam = G6RP4M9WGT;
						ProvisioningStyle = Automatic;
						TestTargetID = 8C949F321F148D2500FF3D34;
					};
				};
			};
			buildConfigurationList = 8C949F2E1F148D2500FF3D34 /* Build configuration list for PBXProject "NESW" */;
			compatibilityVersion = "Xcode 3.2";
			developmentRegion = English;
			hasScannedForEncodings = 0;
			knownRegions = (
				en,
				Base,
			);
			mainGroup = 8C949F2A1F148D2500FF3D34;
			productRefGroup = 8C949F341F148D2500FF3D34 /* Products */;
			projectDirPath = "";
			projectRoot = "";
			targets = (
				8C949F321F148D2500FF3D34 /* NESW */,
				8C949F461F148D2500FF3D34 /* NESWTests */,
				8C949F511F148D2500FF3D34 /* NESWUITests */,
			);
		};
/* End PBXProject section */

/* Begin PBXResourcesBuildPhase section */
		8C949F311F148D2500FF3D34 /* Resources */ = {
			isa = PBXResourcesBuildPhase;
			buildActionMask = 2147483647;
			files = (
				8C949F411F148D2500FF3D34 /* LaunchScreen.storyboard in Resources */,
				8C949F3E1F148D2500FF3D34 /* Assets.xcassets in Resources */,
				8C949F3C1F148D2500FF3D34 /* Main.storyboard in Resources */,
			);
			runOnlyForDeploymentPostprocessing = 0;
		};
		8C949F451F148D2500FF3D34 /* Resources */ = {
			isa = PBXResourcesBuildPhase;
			buildActionMask = 2147483647;
			files = (
			);
			runOnlyForDeploymentPostprocessing = 0;
		};
		8C949F501F148D2500FF3D34 /* Resources */ = {
			isa = PBXResourcesBuildPhase;
			buildActionMask = 2147483647;
			files = (
			);
			runOnlyForDeploymentPostprocessing = 0;
		};
/* End PBXResourcesBuildPhase section */

/* Begin PBXSourcesBuildPhase section */
		8C949F2F1F148D2500FF3D34 /* Sources */ = {
			isa = PBXSourcesBuildPhase;
			buildActionMask = 2147483647;
			files = (
				8C949F391F148D2500FF3D34 /* ViewController.swift in Sources */,
				8C949F671F156EDC00FF3D34 /* OtherViewController.swift in Sources */,
				8C949F371F148D2500FF3D34 /* AppDelegate.swift in Sources */,
			);
			runOnlyForDeploymentPostprocessing = 0;
		};
		8C949F431F148D2500FF3D34 /* Sources */ = {
			isa = PBXSourcesBuildPhase;
			buildActionMask = 2147483647;
			files = (
				8C949F4C1F148D2500FF3D34 /* NESWTests.swift in Sources */,
			);
			runOnlyForDeploymentPostprocessing = 0;
		};
		8C949F4E1F148D2500FF3D34 /* Sources */ = {
			isa = PBXSourcesBuildPhase;
			buildActionMask = 2147483647;
			files = (
				8C949F571F148D2500FF3D34 /* NESWUITests.swift in Sources */,
			);
			runOnlyForDeploymentPostprocessing = 0;
		};
/* End PBXSourcesBuildPhase section */

/* Begin PBXTargetDependency section */
		8C949F491F148D2500FF3D34 /* PBXTargetDependency */ = {
			isa = PBXTargetDependency;
			target = 8C949F321F148D2500FF3D34 /* NESW */;
			targetProxy = 8C949F481F148D2500FF3D34 /* PBXContainerItemProxy */;
		};
		8C949F541F148D2500FF3D34 /* PBXTargetDependency */ = {
			isa = PBXTargetDependency;
			target = 8C949F321F148D2500FF3D34 /* NESW */;
			targetProxy = 8C949F531F148D2500FF3D34 /* PBXContainerItemProxy */;
		};
/* End PBXTargetDependency section */

/* Begin PBXVariantGroup section */
		8C949F3A1F148D2500FF3D34 /* Main.storyboard */ = {
			isa = PBXVariantGroup;
			children = (
				8C949F3B1F148D2500FF3D34 /* Base */,
			);
			name = Main.storyboard;
			sourceTree = "<group>";
		};
		8C949F3F1F148D2500FF3D34 /* LaunchScreen.storyboard */ = {
			isa = PBXVariantGroup;
			children = (
				8C949F401F148D2500FF3D34 /* Base */,
			);
			name = LaunchScreen.storyboard;
			sourceTree = "<group>";
		};
/* End PBXVariantGroup section */

/* Begin XCBuildConfiguration section */
		8C949F591F148D2500FF3D34 /* Debug */ = {
			isa = XCBuildConfiguration;
			buildSettings = {
				ALWAYS_SEARCH_USER_PATHS = NO;
				CLANG_ANALYZER_NONNULL = YES;
				CLANG_ANALYZER_NUMBER_OBJECT_CONVERSION = YES_AGGRESSIVE;
				CLANG_CXX_LANGUAGE_STANDARD = "gnu++0x";
				CLANG_CXX_LIBRARY = "libc++";
				CLANG_ENABLE_MODULES = YES;
				CLANG_ENABLE_OBJC_ARC = YES;
				CLANG_WARN_BOOL_CONVERSION = YES;
				CLANG_WARN_CONSTANT_CONVERSION = YES;
				CLANG_WARN_DIRECT_OBJC_ISA_USAGE = YES_ERROR;
				CLANG_WARN_DOCUMENTATION_COMMENTS = YES;
				CLANG_WARN_EMPTY_BODY = YES;
				CLANG_WARN_ENUM_CONVERSION = YES;
				CLANG_WARN_INFINITE_RECURSION = YES;
				CLANG_WARN_INT_CONVERSION = YES;
				CLANG_WARN_OBJC_ROOT_CLASS = YES_ERROR;
				CLANG_WARN_SUSPICIOUS_MOVE = YES;
				CLANG_WARN_UNREACHABLE_CODE = YES;
				CLANG_WARN__DUPLICATE_METHOD_MATCH = YES;
				"CODE_SIGN_IDENTITY[sdk=iphoneos*]" = "iPhone Developer";
				COPY_PHASE_STRIP = NO;
				DEBUG_INFORMATION_FORMAT = dwarf;
				ENABLE_STRICT_OBJC_MSGSEND = YES;
				ENABLE_TESTABILITY = YES;
				GCC_C_LANGUAGE_STANDARD = gnu99;
				GCC_DYNAMIC_NO_PIC = NO;
				GCC_NO_COMMON_BLOCKS = YES;
				GCC_OPTIMIZATION_LEVEL = 0;
				GCC_PREPROCESSOR_DEFINITIONS = (
					"DEBUG=1",
					"$(inherited)",
				);
				GCC_WARN_64_TO_32_BIT_CONVERSION = YES;
				GCC_WARN_ABOUT_RETURN_TYPE = YES_ERROR;
				GCC_WARN_UNDECLARED_SELECTOR = YES;
				GCC_WARN_UNINITIALIZED_AUTOS = YES_AGGRESSIVE;
				GCC_WARN_UNUSED_FUNCTION = YES;
				GCC_WARN_UNUSED_VARIABLE = YES;
				IPHONEOS_DEPLOYMENT_TARGET = 10.3;
				MTL_ENABLE_DEBUG_INFO = YES;
				ONLY_ACTIVE_ARCH = YES;
				SDKROOT = iphoneos;
				SWIFT_ACTIVE_COMPILATION_CONDITIONS = DEBUG;
				SWIFT_OPTIMIZATION_LEVEL = "-Onone";
				TARGETED_DEVICE_FAMILY = "1,2";
			};
			name = Debug;
		};
		8C949F5A1F148D2500FF3D34 /* Release */ = {
			isa = XCBuildConfiguration;
			buildSettings = {
				ALWAYS_SEARCH_USER_PATHS = NO;
				CLANG_ANALYZER_NONNULL = YES;
				CLANG_ANALYZER_NUMBER_OBJECT_CONVERSION = YES_AGGRESSIVE;
				CLANG_CXX_LANGUAGE_STANDARD = "gnu++0x";
				CLANG_CXX_LIBRARY = "libc++";
				CLANG_ENABLE_MODULES = YES;
				CLANG_ENABLE_OBJC_ARC = YES;
				CLANG_WARN_BOOL_CONVERSION = YES;
				CLANG_WARN_CONSTANT_CONVERSION = YES;
				CLANG_WARN_DIRECT_OBJC_ISA_USAGE = YES_ERROR;
				CLANG_WARN_DOCUMENTATION_COMMENTS = YES;
				CLANG_WARN_EMPTY_BODY = YES;
				CLANG_WARN_ENUM_CONVERSION = YES;
				CLANG_WARN_INFINITE_RECURSION = YES;
				CLANG_WARN_INT_CONVERSION = YES;
				CLANG_WARN_OBJC_ROOT_CLASS = YES_ERROR;
				CLANG_WARN_SUSPICIOUS_MOVE = YES;
				CLANG_WARN_UNREACHABLE_CODE = YES;
				CLANG_WARN__DUPLICATE_METHOD_MATCH = YES;
				"CODE_SIGN_IDENTITY[sdk=iphoneos*]" = "iPhone Developer";
				COPY_PHASE_STRIP = NO;
				DEBUG_INFORMATION_FORMAT = "dwarf-with-dsym";
				ENABLE_NS_ASSERTIONS = NO;
				ENABLE_STRICT_OBJC_MSGSEND = YES;
				GCC_C_LANGUAGE_STANDARD = gnu99;
				GCC_NO_COMMON_BLOCKS = YES;
				GCC_WARN_64_TO_32_BIT_CONVERSION = YES;
				GCC_WARN_ABOUT_RETURN_TYPE = YES_ERROR;
				GCC_WARN_UNDECLARED_SELECTOR = YES;
				GCC_WARN_UNINITIALIZED_AUTOS = YES_AGGRESSIVE;
				GCC_WARN_UNUSED_FUNCTION = YES;
				GCC_WARN_UNUSED_VARIABLE = YES;
				IPHONEOS_DEPLOYMENT_TARGET = 10.3;
				MTL_ENABLE_DEBUG_INFO = NO;
				SDKROOT = iphoneos;
				SWIFT_OPTIMIZATION_LEVEL = "-Owholemodule";
				TARGETED_DEVICE_FAMILY = "1,2";
				VALIDATE_PRODUCT = YES;
			};
			name = Release;
		};
		8C949F5C1F148D2500FF3D34 /* Debug */ = {
			isa = XCBuildConfiguration;
			buildSettings = {
				ASSETCATALOG_COMPILER_APPICON_NAME = AppIcon;
				DEVELOPMENT_TEAM = G6RP4M9WGT;
				INFOPLIST_FILE = NESW/Info.plist;
				LD_RUNPATH_SEARCH_PATHS = "$(inherited) @executable_path/Frameworks";
				PRODUCT_BUNDLE_IDENTIFIER = com.kaankabalak.NESW;
				PRODUCT_NAME = "$(TARGET_NAME)";
				SWIFT_VERSION = 3.0;
			};
			name = Debug;
		};
		8C949F5D1F148D2500FF3D34 /* Release */ = {
			isa = XCBuildConfiguration;
			buildSettings = {
				ASSETCATALOG_COMPILER_APPICON_NAME = AppIcon;
				DEVELOPMENT_TEAM = G6RP4M9WGT;
				INFOPLIST_FILE = NESW/Info.plist;
				LD_RUNPATH_SEARCH_PATHS = "$(inherited) @executable_path/Frameworks";
				PRODUCT_BUNDLE_IDENTIFIER = com.kaankabalak.NESW;
				PRODUCT_NAME = "$(TARGET_NAME)";
				SWIFT_VERSION = 3.0;
			};
			name = Release;
		};
		8C949F5F1F148D2500FF3D34 /* Debug */ = {
			isa = XCBuildConfiguration;
			buildSettings = {
				ALWAYS_EMBED_SWIFT_STANDARD_LIBRARIES = YES;
				BUNDLE_LOADER = "$(TEST_HOST)";
				DEVELOPMENT_TEAM = G6RP4M9WGT;
				INFOPLIST_FILE = NESWTests/Info.plist;
				LD_RUNPATH_SEARCH_PATHS = "$(inherited) @executable_path/Frameworks @loader_path/Frameworks";
				PRODUCT_BUNDLE_IDENTIFIER = com.kaankabalak.NESWTests;
				PRODUCT_NAME = "$(TARGET_NAME)";
				SWIFT_VERSION = 3.0;
				TEST_HOST = "$(BUILT_PRODUCTS_DIR)/NESW.app/NESW";
			};
			name = Debug;
		};
		8C949F601F148D2500FF3D34 /* Release */ = {
			isa = XCBuildConfiguration;
			buildSettings = {
				ALWAYS_EMBED_SWIFT_STANDARD_LIBRARIES = YES;
				BUNDLE_LOADER = "$(TEST_HOST)";
				DEVELOPMENT_TEAM = G6RP4M9WGT;
				INFOPLIST_FILE = NESWTests/Info.plist;
				LD_RUNPATH_SEARCH_PATHS = "$(inherited) @executable_path/Frameworks @loader_path/Frameworks";
				PRODUCT_BUNDLE_IDENTIFIER = com.kaankabalak.NESWTests;
				PRODUCT_NAME = "$(TARGET_NAME)";
				SWIFT_VERSION = 3.0;
				TEST_HOST = "$(BUILT_PRODUCTS_DIR)/NESW.app/NESW";
			};
			name = Release;
		};
		8C949F621F148D2500FF3D34 /* Debug */ = {
			isa = XCBuildConfiguration;
			buildSettings = {
				ALWAYS_EMBED_SWIFT_STANDARD_LIBRARIES = YES;
				DEVELOPMENT_TEAM = G6RP4M9WGT;
				INFOPLIST_FILE = NESWUITests/Info.plist;
				LD_RUNPATH_SEARCH_PATHS = "$(inherited) @executable_path/Frameworks @loader_path/Frameworks";
				PRODUCT_BUNDLE_IDENTIFIER = com.kaankabalak.NESWUITests;
				PRODUCT_NAME = "$(TARGET_NAME)";
				SWIFT_VERSION = 3.0;
				TEST_TARGET_NAME = NESW;
			};
			name = Debug;
		};
		8C949F631F148D2500FF3D34 /* Release */ = {
			isa = XCBuildConfiguration;
			buildSettings = {
				ALWAYS_EMBED_SWIFT_STANDARD_LIBRARIES = YES;
				DEVELOPMENT_TEAM = G6RP4M9WGT;
				INFOPLIST_FILE = NESWUITests/Info.plist;
				LD_RUNPATH_SEARCH_PATHS = "$(inherited) @executable_path/Frameworks @loader_path/Frameworks";
				PRODUCT_BUNDLE_IDENTIFIER = com.kaankabalak.NESWUITests;
				PRODUCT_NAME = "$(TARGET_NAME)";
				SWIFT_VERSION = 3.0;
				TEST_TARGET_NAME = NESW;
			};
			name = Release;
		};
/* End XCBuildConfiguration section */

/* Begin XCConfigurationList section */
		8C949F2E1F148D2500FF3D34 /* Build configuration list for PBXProject "NESW" */ = {
			isa = XCConfigurationList;
			buildConfigurations = (
				8C949F591F148D2500FF3D34 /* Debug */,
				8C949F5A1F148D2500FF3D34 /* Release */,
			);
			defaultConfigurationIsVisible = 0;
			defaultConfigurationName = Release;
		};
		8C949F5B1F148D2500FF3D34 /* Build configuration list for PBXNativeTarget "NESW" */ = {
			isa = XCConfigurationList;
			buildConfigurations = (
				8C949F5C1F148D2500FF3D34 /* Debug */,
				8C949F5D1F148D2500FF3D34 /* Release */,
			);
			defaultConfigurationIsVisible = 0;
		};
		8C949F5E1F148D2500FF3D34 /* Build configuration list for PBXNativeTarget "NESWTests" */ = {
			isa = XCConfigurationList;
			buildConfigurations = (
				8C949F5F1F148D2500FF3D34 /* Debug */,
				8C949F601F148D2500FF3D34 /* Release */,
			);
			defaultConfigurationIsVisible = 0;
		};
		8C949F611F148D2500FF3D34 /* Build configuration list for PBXNativeTarget "NESWUITests" */ = {
			isa = XCConfigurationList;
			buildConfigurations = (
				8C949F621F148D2500FF3D34 /* Debug */,
				8C949F631F148D2500FF3D34 /* Release */,
			);
			defaultConfigurationIsVisible = 0;
		};
/* End XCConfigurationList section */
	};
	rootObject = 8C949F2B1F148D2500FF3D34 /* Project object */;
}
